{
  "version": 4,
  "terraform_version": "1.12.0",
  "serial": 13,
  "lineage": "3056a0b2-d3de-1ad8-79ba-52bde3cbadb2",
  "outputs": {
    "vm_ip": {
      "value": "35.187.96.111",
      "type": "string"
    }
  },
  "resources": [
    {
      "module": "module.vm",
      "mode": "managed",
      "type": "google_compute_firewall",
      "name": "allow_http_ssh",
      "provider": "provider[\"registry.terraform.io/hashicorp/google\"]",
      "instances": [
        {
          "schema_version": 1,
          "attributes": {
            "allow": [
              {
                "ports": [
                  "22",
                  "3000"
                ],
                "protocol": "tcp"
              }
            ],
            "creation_timestamp": "2025-05-20T05:58:11.443-07:00",
            "deny": [],
            "description": "",
            "destination_ranges": [],
            "direction": "INGRESS",
            "disabled": false,
            "enable_logging": null,
            "id": "projects/skilled-nation-460410-m3/global/firewalls/node-api-vm-firewall",
            "log_config": [],
            "name": "node-api-vm-firewall",
            "network": "https://www.googleapis.com/compute/v1/projects/skilled-nation-460410-m3/global/networks/default",
            "priority": 1000,
            "project": "skilled-nation-460410-m3",
            "self_link": "https://www.googleapis.com/compute/v1/projects/skilled-nation-460410-m3/global/firewalls/node-api-vm-firewall",
            "source_ranges": [
              "0.0.0.0/0"
            ],
            "source_service_accounts": [],
            "source_tags": [],
            "target_service_accounts": [],
            "target_tags": [],
            "timeouts": null
          },
          "sensitive_attributes": [],
          "identity_schema_version": 0,
          "private": "eyJlMmJmYjczMC1lY2FhLTExZTYtOGY4OC0zNDM2M2JjN2M0YzAiOnsiY3JlYXRlIjoxMjAwMDAwMDAwMDAwLCJkZWxldGUiOjEyMDAwMDAwMDAwMDAsInVwZGF0ZSI6MTIwMDAwMDAwMDAwMH0sInNjaGVtYV92ZXJzaW9uIjoiMSJ9"
        }
      ]
    },
    {
      "module": "module.vm",
      "mode": "managed",
      "type": "google_compute_instance",
      "name": "default",
      "provider": "provider[\"registry.terraform.io/hashicorp/google\"]",
      "instances": [
        {
          "schema_version": 6,
          "attributes": {
            "advanced_machine_features": [],
            "allow_stopping_for_update": null,
            "attached_disk": [],
            "boot_disk": [
              {
                "auto_delete": true,
                "device_name": "persistent-disk-0",
                "disk_encryption_key_raw": "",
                "disk_encryption_key_rsa": "",
                "disk_encryption_key_sha256": "",
                "disk_encryption_service_account": "",
                "guest_os_features": [
                  "UEFI_COMPATIBLE",
                  "VIRTIO_SCSI_MULTIQUEUE",
                  "GVNIC"
                ],
                "initialize_params": [
                  {
                    "architecture": "X86_64",
                    "enable_confidential_compute": false,
                    "image": "https://www.googleapis.com/compute/v1/projects/debian-cloud/global/images/debian-11-bullseye-v20250513",
                    "labels": {},
                    "provisioned_iops": 0,
                    "provisioned_throughput": 0,
                    "resource_manager_tags": {},
                    "resource_policies": [],
                    "size": 10,
                    "snapshot": "",
                    "source_image_encryption_key": [],
                    "source_snapshot_encryption_key": [],
                    "storage_pool": "",
                    "type": "pd-standard"
                  }
                ],
                "interface": "",
                "kms_key_self_link": "",
                "mode": "READ_WRITE",
                "source": "https://www.googleapis.com/compute/v1/projects/skilled-nation-460410-m3/zones/europe-west1-b/disks/node-api-vm"
              }
            ],
            "can_ip_forward": false,
            "confidential_instance_config": [],
            "cpu_platform": "Intel Broadwell",
            "creation_timestamp": "2025-05-20T07:20:18.645-07:00",
            "current_status": "RUNNING",
            "deletion_protection": false,
            "description": "",
            "desired_status": null,
            "effective_labels": {
              "goog-terraform-provisioned": "true"
            },
            "enable_display": false,
            "guest_accelerator": [],
            "hostname": "",
            "id": "projects/skilled-nation-460410-m3/zones/europe-west1-b/instances/node-api-vm",
            "instance_encryption_key": [],
            "instance_id": "804698968196985165",
            "key_revocation_action_type": "",
            "label_fingerprint": "vezUS-42LLM=",
            "labels": {},
            "machine_type": "e2-medium",
            "metadata": {
              "ssh-keys": "lukasbouhlel:ssh-rsa AAAAB3NzaC1yc2EAAAADAQABAAACAQCrWXWpjY1PTb5orjy9mFiBSGgf/wfnOH00DbYKASDqTX0C9m+6HmgrTUXb/j1KRkr/2r4T5eH5dYinwng1/nyuiigG9NUWzmBsK6ElZn64kKk7T4KKViaXd+uLeln3QIzQgMK4vUZlys3WUzhj4SYwzB71RbZhnpYHrPtKuXpK91KXeuIArfUK1k5f8Qp4Xt9t79LZNuvRQbKlXUENn6qvUHrstZGX3pkHC7PTNwSWH5h9Q2TvwkQvLoAHkkHKbelIjJ0yWw3bwkT90nonm1fDj4icJs5n5vH0SWr6lgGMlQSKesBUGQM//qFwUAQyP1vhKgwRaYdmqE7CCK5hhnHin4BStg/kv5W12a7oHmnwJr0FVXRVfYoeDEypd4ep/9v9VNGvE06fnFURN3FLs+y3+CSCEcA0EPyVqFFOCS6eTJd8pCVtzD35x5q2W2oYaG+5hRJKXMb/m8K6eFyzD5jJnkJjMVx8Gf7l2Mtm3UKNdID6uZTZaB3vGsO1H8Kjjzv1Yy+Lf4910l/zJ3pBT5YjUs90E3hZSaw4iQ6n4+JjHhFOkN3KSWGFp8kqpEsGfbMEVquy1Ql6BxBT2DnQ8aiPcCSnBl0voRYqR/2r+GD4YqYVox2i1qxsHgwdddwmX+2HcAwfvpM877tMih84rEIRL7GvtPyyRGj/N+5qAORK1Q== lukas@Lukas\n"
            },
            "metadata_fingerprint": "Tnf4CIbNcOQ=",
            "metadata_startup_script": "#!/bin/bash\r\napt-get update\r\napt-get install -y nodejs npm\r\n# tu peux ici cloner ton repo ou déployer ton app\r\n",
            "min_cpu_platform": "",
            "name": "node-api-vm",
            "network_interface": [
              {
                "access_config": [
                  {
                    "nat_ip": "35.187.96.111",
                    "network_tier": "PREMIUM",
                    "public_ptr_domain_name": ""
                  }
                ],
                "alias_ip_range": [],
                "internal_ipv6_prefix_length": 0,
                "ipv6_access_config": [],
                "ipv6_access_type": "",
                "ipv6_address": "",
                "name": "nic0",
                "network": "https://www.googleapis.com/compute/v1/projects/skilled-nation-460410-m3/global/networks/default",
                "network_attachment": "",
                "network_ip": "10.132.0.3",
                "nic_type": "",
                "queue_count": 0,
                "stack_type": "IPV4_ONLY",
                "subnetwork": "https://www.googleapis.com/compute/v1/projects/skilled-nation-460410-m3/regions/europe-west1/subnetworks/default",
                "subnetwork_project": "skilled-nation-460410-m3"
              }
            ],
            "network_performance_config": [],
            "params": [],
            "project": "skilled-nation-460410-m3",
            "reservation_affinity": [],
            "resource_policies": [],
            "scheduling": [
              {
                "automatic_restart": true,
                "availability_domain": 0,
                "instance_termination_action": "",
                "local_ssd_recovery_timeout": [],
                "max_run_duration": [],
                "min_node_cpus": 0,
                "node_affinities": [],
                "on_host_maintenance": "MIGRATE",
                "on_instance_stop_action": [],
                "preemptible": false,
                "provisioning_model": "STANDARD",
                "termination_time": ""
              }
            ],
            "scratch_disk": [],
            "self_link": "https://www.googleapis.com/compute/v1/projects/skilled-nation-460410-m3/zones/europe-west1-b/instances/node-api-vm",
            "service_account": [],
            "shielded_instance_config": [
              {
                "enable_integrity_monitoring": true,
                "enable_secure_boot": false,
                "enable_vtpm": true
              }
            ],
            "tags": [],
            "tags_fingerprint": "42WmSpB8rSM=",
            "terraform_labels": {
              "goog-terraform-provisioned": "true"
            },
            "timeouts": null,
            "zone": "europe-west1-b"
          },
          "sensitive_attributes": [
            [
              {
                "type": "get_attr",
                "value": "boot_disk"
              },
              {
                "type": "index",
                "value": {
                  "value": 0,
                  "type": "number"
                }
              },
              {
                "type": "get_attr",
                "value": "disk_encryption_key_raw"
              }
            ],
            [
              {
                "type": "get_attr",
                "value": "boot_disk"
              },
              {
                "type": "index",
                "value": {
                  "value": 0,
                  "type": "number"
                }
              },
              {
                "type": "get_attr",
                "value": "disk_encryption_key_rsa"
              }
            ]
          ],
          "identity_schema_version": 0,
          "private": "eyJlMmJmYjczMC1lY2FhLTExZTYtOGY4OC0zNDM2M2JjN2M0YzAiOnsiY3JlYXRlIjoxMjAwMDAwMDAwMDAwLCJkZWxldGUiOjEyMDAwMDAwMDAwMDAsInVwZGF0ZSI6MTIwMDAwMDAwMDAwMH0sInNjaGVtYV92ZXJzaW9uIjoiNiJ9"
        }
      ]
    }
  ],
  "check_results": null
}
